// !$*UTF8*$!
{
	archiveVersion = 1;
	classes = {
	};
	objectVersion = 56;
	objects = {

/* Begin PBXBuildFile section */
		046B84022BDA5AB1001EF464 /* SettingsView.swift in Sources */ = {isa = PBXBuildFile; fileRef = 046B84012BDA5AB1001EF464 /* SettingsView.swift */; };
		046B84042BDA5DC0001EF464 /* ProfileView.swift in Sources */ = {isa = PBXBuildFile; fileRef = 046B84032BDA5DC0001EF464 /* ProfileView.swift */; };
		046B84062BDA8999001EF464 /* SplashView.swift in Sources */ = {isa = PBXBuildFile; fileRef = 046B84052BDA8999001EF464 /* SplashView.swift */; };
		046B84082BDA8EC1001EF464 /* LoginView.swift in Sources */ = {isa = PBXBuildFile; fileRef = 046B84072BDA8EC1001EF464 /* LoginView.swift */; };
		046B840A2BDBE1A6001EF464 /* ArticleView.swift in Sources */ = {isa = PBXBuildFile; fileRef = 046B84092BDBE1A6001EF464 /* ArticleView.swift */; };
		046B840E2BDBF223001EF464 /* DetailsArticleView.swift in Sources */ = {isa = PBXBuildFile; fileRef = 046B840D2BDBF223001EF464 /* DetailsArticleView.swift */; };
		046B84122BDFA2C1001EF464 /* ContentView.swift in Sources */ = {isa = PBXBuildFile; fileRef = 046B84112BDFA2C1001EF464 /* ContentView.swift */; };
		046B84142BE0E24B001EF464 /* CounterView.swift in Sources */ = {isa = PBXBuildFile; fileRef = 046B84132BE0E24B001EF464 /* CounterView.swift */; };
		046B84162BE2354F001EF464 /* ArticleModel.swift in Sources */ = {isa = PBXBuildFile; fileRef = 046B84152BE2354F001EF464 /* ArticleModel.swift */; };
		046B841A2BE24360001EF464 /* UserObject.swift in Sources */ = {isa = PBXBuildFile; fileRef = 046B84192BE24360001EF464 /* UserObject.swift */; };
		046B84342BE3D397001EF464 /* UserModel.swift in Sources */ = {isa = PBXBuildFile; fileRef = 046B84332BE3D397001EF464 /* UserModel.swift */; };
		046B84762BE7C4EE001EF464 /* ProductModel.swift in Sources */ = {isa = PBXBuildFile; fileRef = 046B84752BE7C4EE001EF464 /* ProductModel.swift */; };
		046B84792BE7C8FD001EF464 /* ProductServices.swift in Sources */ = {isa = PBXBuildFile; fileRef = 046B84782BE7C8FD001EF464 /* ProductServices.swift */; };
		046B847B2BE7CAE0001EF464 /* ProductView.swift in Sources */ = {isa = PBXBuildFile; fileRef = 046B847A2BE7CAE0001EF464 /* ProductView.swift */; };
		0499FAA02BD6562000EAF406 /* Auto_Layout_ProjectApp.swift in Sources */ = {isa = PBXBuildFile; fileRef = 0499FA9F2BD6562000EAF406 /* Auto_Layout_ProjectApp.swift */; };
		0499FAA42BD6562100EAF406 /* Assets.xcassets in Resources */ = {isa = PBXBuildFile; fileRef = 0499FAA32BD6562100EAF406 /* Assets.xcassets */; };
		0499FAA72BD6562100EAF406 /* Preview Assets.xcassets in Resources */ = {isa = PBXBuildFile; fileRef = 0499FAA62BD6562100EAF406 /* Preview Assets.xcassets */; };
		0499FAB12BD6562100EAF406 /* Auto_Layout_ProjectTests.swift in Sources */ = {isa = PBXBuildFile; fileRef = 0499FAB02BD6562100EAF406 /* Auto_Layout_ProjectTests.swift */; };
		0499FABB2BD6562100EAF406 /* Auto_Layout_ProjectUITests.swift in Sources */ = {isa = PBXBuildFile; fileRef = 0499FABA2BD6562100EAF406 /* Auto_Layout_ProjectUITests.swift */; };
		0499FABD2BD6562100EAF406 /* Auto_Layout_ProjectUITestsLaunchTests.swift in Sources */ = {isa = PBXBuildFile; fileRef = 0499FABC2BD6562100EAF406 /* Auto_Layout_ProjectUITestsLaunchTests.swift */; };
/* End PBXBuildFile section */

/* Begin PBXContainerItemProxy section */
		0499FAAD2BD6562100EAF406 /* PBXContainerItemProxy */ = {
			isa = PBXContainerItemProxy;
			containerPortal = 0499FA942BD6562000EAF406 /* Project object */;
			proxyType = 1;
			remoteGlobalIDString = 0499FA9B2BD6562000EAF406;
			remoteInfo = "Auto-Layout-Project";
		};
		0499FAB72BD6562100EAF406 /* PBXContainerItemProxy */ = {
			isa = PBXContainerItemProxy;
			containerPortal = 0499FA942BD6562000EAF406 /* Project object */;
			proxyType = 1;
			remoteGlobalIDString = 0499FA9B2BD6562000EAF406;
			remoteInfo = "Auto-Layout-Project";
		};
/* End PBXContainerItemProxy section */

/* Begin PBXFileReference section */
		046B84012BDA5AB1001EF464 /* SettingsView.swift */ = {isa = PBXFileReference; lastKnownFileType = sourcecode.swift; path = SettingsView.swift; sourceTree = "<group>"; };
		046B84032BDA5DC0001EF464 /* ProfileView.swift */ = {isa = PBXFileReference; lastKnownFileType = sourcecode.swift; path = ProfileView.swift; sourceTree = "<group>"; };
		046B84052BDA8999001EF464 /* SplashView.swift */ = {isa = PBXFileReference; lastKnownFileType = sourcecode.swift; path = SplashView.swift; sourceTree = "<group>"; };
		046B84072BDA8EC1001EF464 /* LoginView.swift */ = {isa = PBXFileReference; lastKnownFileType = sourcecode.swift; path = LoginView.swift; sourceTree = "<group>"; };
		046B84092BDBE1A6001EF464 /* ArticleView.swift */ = {isa = PBXFileReference; lastKnownFileType = sourcecode.swift; path = ArticleView.swift; sourceTree = "<group>"; };
		046B840D2BDBF223001EF464 /* DetailsArticleView.swift */ = {isa = PBXFileReference; lastKnownFileType = sourcecode.swift; path = DetailsArticleView.swift; sourceTree = "<group>"; };
		046B84112BDFA2C1001EF464 /* ContentView.swift */ = {isa = PBXFileReference; lastKnownFileType = sourcecode.swift; path = ContentView.swift; sourceTree = "<group>"; };
		046B84132BE0E24B001EF464 /* CounterView.swift */ = {isa = PBXFileReference; lastKnownFileType = sourcecode.swift; path = CounterView.swift; sourceTree = "<group>"; };
		046B84152BE2354F001EF464 /* ArticleModel.swift */ = {isa = PBXFileReference; lastKnownFileType = sourcecode.swift; path = ArticleModel.swift; sourceTree = "<group>"; };
		046B84192BE24360001EF464 /* UserObject.swift */ = {isa = PBXFileReference; lastKnownFileType = sourcecode.swift; path = UserObject.swift; sourceTree = "<group>"; };
		046B84332BE3D397001EF464 /* UserModel.swift */ = {isa = PBXFileReference; lastKnownFileType = sourcecode.swift; path = UserModel.swift; sourceTree = "<group>"; };
		046B84752BE7C4EE001EF464 /* ProductModel.swift */ = {isa = PBXFileReference; lastKnownFileType = sourcecode.swift; path = ProductModel.swift; sourceTree = "<group>"; };
		046B84782BE7C8FD001EF464 /* ProductServices.swift */ = {isa = PBXFileReference; lastKnownFileType = sourcecode.swift; path = ProductServices.swift; sourceTree = "<group>"; };
		046B847A2BE7CAE0001EF464 /* ProductView.swift */ = {isa = PBXFileReference; lastKnownFileType = sourcecode.swift; path = ProductView.swift; sourceTree = "<group>"; };
		0499FA9C2BD6562000EAF406 /* Auto-Layout-Project.app */ = {isa = PBXFileReference; explicitFileType = wrapper.application; includeInIndex = 0; path = "Auto-Layout-Project.app"; sourceTree = BUILT_PRODUCTS_DIR; };
		0499FA9F2BD6562000EAF406 /* Auto_Layout_ProjectApp.swift */ = {isa = PBXFileReference; lastKnownFileType = sourcecode.swift; path = Auto_Layout_ProjectApp.swift; sourceTree = "<group>"; };
		0499FAA32BD6562100EAF406 /* Assets.xcassets */ = {isa = PBXFileReference; lastKnownFileType = folder.assetcatalog; path = Assets.xcassets; sourceTree = "<group>"; };
		0499FAA62BD6562100EAF406 /* Preview Assets.xcassets */ = {isa = PBXFileReference; lastKnownFileType = folder.assetcatalog; path = "Preview Assets.xcassets"; sourceTree = "<group>"; };
		0499FAAC2BD6562100EAF406 /* Auto-Layout-ProjectTests.xctest */ = {isa = PBXFileReference; explicitFileType = wrapper.cfbundle; includeInIndex = 0; path = "Auto-Layout-ProjectTests.xctest"; sourceTree = BUILT_PRODUCTS_DIR; };
		0499FAB02BD6562100EAF406 /* Auto_Layout_ProjectTests.swift */ = {isa = PBXFileReference; lastKnownFileType = sourcecode.swift; path = Auto_Layout_ProjectTests.swift; sourceTree = "<group>"; };
		0499FAB62BD6562100EAF406 /* Auto-Layout-ProjectUITests.xctest */ = {isa = PBXFileReference; explicitFileType = wrapper.cfbundle; includeInIndex = 0; path = "Auto-Layout-ProjectUITests.xctest"; sourceTree = BUILT_PRODUCTS_DIR; };
		0499FABA2BD6562100EAF406 /* Auto_Layout_ProjectUITests.swift */ = {isa = PBXFileReference; lastKnownFileType = sourcecode.swift; path = Auto_Layout_ProjectUITests.swift; sourceTree = "<group>"; };
		0499FABC2BD6562100EAF406 /* Auto_Layout_ProjectUITestsLaunchTests.swift */ = {isa = PBXFileReference; lastKnownFileType = sourcecode.swift; path = Auto_Layout_ProjectUITestsLaunchTests.swift; sourceTree = "<group>"; };
/* End PBXFileReference section */

/* Begin PBXFrameworksBuildPhase section */
		0499FA992BD6562000EAF406 /* Frameworks */ = {
			isa = PBXFrameworksBuildPhase;
			buildActionMask = 2147483647;
			files = (
			);
			runOnlyForDeploymentPostprocessing = 0;
		};
		0499FAA92BD6562100EAF406 /* Frameworks */ = {
			isa = PBXFrameworksBuildPhase;
			buildActionMask = 2147483647;
			files = (
			);
			runOnlyForDeploymentPostprocessing = 0;
		};
		0499FAB32BD6562100EAF406 /* Frameworks */ = {
			isa = PBXFrameworksBuildPhase;
			buildActionMask = 2147483647;
			files = (
			);
			runOnlyForDeploymentPostprocessing = 0;
		};
/* End PBXFrameworksBuildPhase section */

/* Begin PBXGroup section */
		046B842E2BE3D2D2001EF464 /* Object */ = {
			isa = PBXGroup;
			children = (
				046B84192BE24360001EF464 /* UserObject.swift */,
			);
			path = Object;
			sourceTree = "<group>";
		};
		046B84322BE3D373001EF464 /* Model */ = {
			isa = PBXGroup;
			children = (
				046B84152BE2354F001EF464 /* ArticleModel.swift */,
				046B84332BE3D397001EF464 /* UserModel.swift */,
				046B84752BE7C4EE001EF464 /* ProductModel.swift */,
			);
			path = Model;
			sourceTree = "<group>";
		};
		046B84742BE7C48D001EF464 /* View */ = {
			isa = PBXGroup;
			children = (
				046B84052BDA8999001EF464 /* SplashView.swift */,
				046B84032BDA5DC0001EF464 /* ProfileView.swift */,
				046B84092BDBE1A6001EF464 /* ArticleView.swift */,
				046B84112BDFA2C1001EF464 /* ContentView.swift */,
				046B84132BE0E24B001EF464 /* CounterView.swift */,
				046B840D2BDBF223001EF464 /* DetailsArticleView.swift */,
				046B84012BDA5AB1001EF464 /* SettingsView.swift */,
				046B84072BDA8EC1001EF464 /* LoginView.swift */,
				046B847A2BE7CAE0001EF464 /* ProductView.swift */,
			);
			path = View;
			sourceTree = "<group>";
		};
		046B84772BE7C8A8001EF464 /* ApiServices */ = {
			isa = PBXGroup;
			children = (
				046B84782BE7C8FD001EF464 /* ProductServices.swift */,
			);
			path = ApiServices;
			sourceTree = "<group>";
		};
		0499FA932BD6562000EAF406 = {
			isa = PBXGroup;
			children = (
				0499FA9E2BD6562000EAF406 /* Auto-Layout-Project */,
				0499FAAF2BD6562100EAF406 /* Auto-Layout-ProjectTests */,
				0499FAB92BD6562100EAF406 /* Auto-Layout-ProjectUITests */,
				0499FA9D2BD6562000EAF406 /* Products */,
			);
			sourceTree = "<group>";
		};
		0499FA9D2BD6562000EAF406 /* Products */ = {
			isa = PBXGroup;
			children = (
				0499FA9C2BD6562000EAF406 /* Auto-Layout-Project.app */,
				0499FAAC2BD6562100EAF406 /* Auto-Layout-ProjectTests.xctest */,
				0499FAB62BD6562100EAF406 /* Auto-Layout-ProjectUITests.xctest */,
			);
			name = Products;
			sourceTree = "<group>";
		};
		0499FA9E2BD6562000EAF406 /* Auto-Layout-Project */ = {
			isa = PBXGroup;
			children = (
				046B84772BE7C8A8001EF464 /* ApiServices */,
				0499FA9F2BD6562000EAF406 /* Auto_Layout_ProjectApp.swift */,
				046B84742BE7C48D001EF464 /* View */,
				046B84322BE3D373001EF464 /* Model */,
				046B842E2BE3D2D2001EF464 /* Object */,
				0499FAA32BD6562100EAF406 /* Assets.xcassets */,
				0499FAA52BD6562100EAF406 /* Preview Content */,
			);
			path = "Auto-Layout-Project";
			sourceTree = "<group>";
		};
		0499FAA52BD6562100EAF406 /* Preview Content */ = {
			isa = PBXGroup;
			children = (
				0499FAA62BD6562100EAF406 /* Preview Assets.xcassets */,
			);
			path = "Preview Content";
			sourceTree = "<group>";
		};
		0499FAAF2BD6562100EAF406 /* Auto-Layout-ProjectTests */ = {
			isa = PBXGroup;
			children = (
				0499FAB02BD6562100EAF406 /* Auto_Layout_ProjectTests.swift */,
			);
			path = "Auto-Layout-ProjectTests";
			sourceTree = "<group>";
		};
		0499FAB92BD6562100EAF406 /* Auto-Layout-ProjectUITests */ = {
			isa = PBXGroup;
			children = (
				0499FABA2BD6562100EAF406 /* Auto_Layout_ProjectUITests.swift */,
				0499FABC2BD6562100EAF406 /* Auto_Layout_ProjectUITestsLaunchTests.swift */,
			);
			path = "Auto-Layout-ProjectUITests";
			sourceTree = "<group>";
		};
/* End PBXGroup section */

/* Begin PBXNativeTarget section */
		0499FA9B2BD6562000EAF406 /* Auto-Layout-Project */ = {
			isa = PBXNativeTarget;
			buildConfigurationList = 0499FAC02BD6562100EAF406 /* Build configuration list for PBXNativeTarget "Auto-Layout-Project" */;
			buildPhases = (
				0499FA982BD6562000EAF406 /* Sources */,
				0499FA992BD6562000EAF406 /* Frameworks */,
				0499FA9A2BD6562000EAF406 /* Resources */,
			);
			buildRules = (
			);
			dependencies = (
			);
			name = "Auto-Layout-Project";
			productName = "Auto-Layout-Project";
			productReference = 0499FA9C2BD6562000EAF406 /* Auto-Layout-Project.app */;
			productType = "com.apple.product-type.application";
		};
		0499FAAB2BD6562100EAF406 /* Auto-Layout-ProjectTests */ = {
			isa = PBXNativeTarget;
			buildConfigurationList = 0499FAC32BD6562100EAF406 /* Build configuration list for PBXNativeTarget "Auto-Layout-ProjectTests" */;
			buildPhases = (
				0499FAA82BD6562100EAF406 /* Sources */,
				0499FAA92BD6562100EAF406 /* Frameworks */,
				0499FAAA2BD6562100EAF406 /* Resources */,
			);
			buildRules = (
			);
			dependencies = (
				0499FAAE2BD6562100EAF406 /* PBXTargetDependency */,
			);
			name = "Auto-Layout-ProjectTests";
			productName = "Auto-Layout-ProjectTests";
			productReference = 0499FAAC2BD6562100EAF406 /* Auto-Layout-ProjectTests.xctest */;
			productType = "com.apple.product-type.bundle.unit-test";
		};
		0499FAB52BD6562100EAF406 /* Auto-Layout-ProjectUITests */ = {
			isa = PBXNativeTarget;
			buildConfigurationList = 0499FAC62BD6562100EAF406 /* Build configuration list for PBXNativeTarget "Auto-Layout-ProjectUITests" */;
			buildPhases = (
				0499FAB22BD6562100EAF406 /* Sources */,
				0499FAB32BD6562100EAF406 /* Frameworks */,
				0499FAB42BD6562100EAF406 /* Resources */,
			);
			buildRules = (
			);
			dependencies = (
				0499FAB82BD6562100EAF406 /* PBXTargetDependency */,
			);
			name = "Auto-Layout-ProjectUITests";
			productName = "Auto-Layout-ProjectUITests";
			productReference = 0499FAB62BD6562100EAF406 /* Auto-Layout-ProjectUITests.xctest */;
			productType = "com.apple.product-type.bundle.ui-testing";
		};
/* End PBXNativeTarget section */

/* Begin PBXProject section */
		0499FA942BD6562000EAF406 /* Project object */ = {
			isa = PBXProject;
			attributes = {
				BuildIndependentTargetsInParallel = 1;
				LastSwiftUpdateCheck = 1530;
				LastUpgradeCheck = 1530;
				TargetAttributes = {
					0499FA9B2BD6562000EAF406 = {
						CreatedOnToolsVersion = 15.3;
					};
					0499FAAB2BD6562100EAF406 = {
						CreatedOnToolsVersion = 15.3;
						TestTargetID = 0499FA9B2BD6562000EAF406;
					};
					0499FAB52BD6562100EAF406 = {
						CreatedOnToolsVersion = 15.3;
						TestTargetID = 0499FA9B2BD6562000EAF406;
					};
				};
			};
			buildConfigurationList = 0499FA972BD6562000EAF406 /* Build configuration list for PBXProject "Auto-Layout-Project" */;
			compatibilityVersion = "Xcode 14.0";
			developmentRegion = en;
			hasScannedForEncodings = 0;
			knownRegions = (
				en,
				Base,
			);
			mainGroup = 0499FA932BD6562000EAF406;
			productRefGroup = 0499FA9D2BD6562000EAF406 /* Products */;
			projectDirPath = "";
			projectRoot = "";
			targets = (
				0499FA9B2BD6562000EAF406 /* Auto-Layout-Project */,
				0499FAAB2BD6562100EAF406 /* Auto-Layout-ProjectTests */,
				0499FAB52BD6562100EAF406 /* Auto-Layout-ProjectUITests */,
			);
		};
/* End PBXProject section */

/* Begin PBXResourcesBuildPhase section */
		0499FA9A2BD6562000EAF406 /* Resources */ = {
			isa = PBXResourcesBuildPhase;
			buildActionMask = 2147483647;
			files = (
				0499FAA72BD6562100EAF406 /* Preview Assets.xcassets in Resources */,
				0499FAA42BD6562100EAF406 /* Assets.xcassets in Resources */,
			);
			runOnlyForDeploymentPostprocessing = 0;
		};
		0499FAAA2BD6562100EAF406 /* Resources */ = {
			isa = PBXResourcesBuildPhase;
			buildActionMask = 2147483647;
			files = (
			);
			runOnlyForDeploymentPostprocessing = 0;
		};
		0499FAB42BD6562100EAF406 /* Resources */ = {
			isa = PBXResourcesBuildPhase;
			buildActionMask = 2147483647;
			files = (
			);
			runOnlyForDeploymentPostprocessing = 0;
		};
/* End PBXResourcesBuildPhase section */

/* Begin PBXSourcesBuildPhase section */
		0499FA982BD6562000EAF406 /* Sources */ = {
			isa = PBXSourcesBuildPhase;
			buildActionMask = 2147483647;
			files = (
				046B84162BE2354F001EF464 /* ArticleModel.swift in Sources */,
				046B840E2BDBF223001EF464 /* DetailsArticleView.swift in Sources */,
				046B841A2BE24360001EF464 /* UserObject.swift in Sources */,
				046B84792BE7C8FD001EF464 /* ProductServices.swift in Sources */,
				046B84082BDA8EC1001EF464 /* LoginView.swift in Sources */,
				046B84042BDA5DC0001EF464 /* ProfileView.swift in Sources */,
				046B84342BE3D397001EF464 /* UserModel.swift in Sources */,
				046B84022BDA5AB1001EF464 /* SettingsView.swift in Sources */,
				046B84062BDA8999001EF464 /* SplashView.swift in Sources */,
				046B84122BDFA2C1001EF464 /* ContentView.swift in Sources */,
				046B847B2BE7CAE0001EF464 /* ProductView.swift in Sources */,
				046B84762BE7C4EE001EF464 /* ProductModel.swift in Sources */,
				046B840A2BDBE1A6001EF464 /* ArticleView.swift in Sources */,
				0499FAA02BD6562000EAF406 /* Auto_Layout_ProjectApp.swift in Sources */,
				046B84142BE0E24B001EF464 /* CounterView.swift in Sources */,
			);
			runOnlyForDeploymentPostprocessing = 0;
		};
		0499FAA82BD6562100EAF406 /* Sources */ = {
			isa = PBXSourcesBuildPhase;
			buildActionMask = 2147483647;
			files = (
				0499FAB12BD6562100EAF406 /* Auto_Layout_ProjectTests.swift in Sources */,
			);
			runOnlyForDeploymentPostprocessing = 0;
		};
		0499FAB22BD6562100EAF406 /* Sources */ = {
			isa = PBXSourcesBuildPhase;
			buildActionMask = 2147483647;
			files = (
				0499FABB2BD6562100EAF406 /* Auto_Layout_ProjectUITests.swift in Sources */,
				0499FABD2BD6562100EAF406 /* Auto_Layout_ProjectUITestsLaunchTests.swift in Sources */,
			);
			runOnlyForDeploymentPostprocessing = 0;
		};
/* End PBXSourcesBuildPhase section */

/* Begin PBXTargetDependency section */
		0499FAAE2BD6562100EAF406 /* PBXTargetDependency */ = {
			isa = PBXTargetDependency;
			target = 0499FA9B2BD6562000EAF406 /* Auto-Layout-Project */;
			targetProxy = 0499FAAD2BD6562100EAF406 /* PBXContainerItemProxy */;
		};
		0499FAB82BD6562100EAF406 /* PBXTargetDependency */ = {
			isa = PBXTargetDependency;
			target = 0499FA9B2BD6562000EAF406 /* Auto-Layout-Project */;
			targetProxy = 0499FAB72BD6562100EAF406 /* PBXContainerItemProxy */;
		};
/* End PBXTargetDependency section */

/* Begin XCBuildConfiguration section */
		0499FABE2BD6562100EAF406 /* Debug */ = {
			isa = XCBuildConfiguration;
			buildSettings = {
				ALWAYS_SEARCH_USER_PATHS = NO;
				ASSETCATALOG_COMPILER_GENERATE_SWIFT_ASSET_SYMBOL_EXTENSIONS = YES;
				CLANG_ANALYZER_NONNULL = YES;
				CLANG_ANALYZER_NUMBER_OBJECT_CONVERSION = YES_AGGRESSIVE;
				CLANG_CXX_LANGUAGE_STANDARD = "gnu++20";
				CLANG_ENABLE_MODULES = YES;
				CLANG_ENABLE_OBJC_ARC = YES;
				CLANG_ENABLE_OBJC_WEAK = YES;
				CLANG_WARN_BLOCK_CAPTURE_AUTORELEASING = YES;
				CLANG_WARN_BOOL_CONVERSION = YES;
				CLANG_WARN_COMMA = YES;
				CLANG_WARN_CONSTANT_CONVERSION = YES;
				CLANG_WARN_DEPRECATED_OBJC_IMPLEMENTATIONS = YES;
				CLANG_WARN_DIRECT_OBJC_ISA_USAGE = YES_ERROR;
				CLANG_WARN_DOCUMENTATION_COMMENTS = YES;
				CLANG_WARN_EMPTY_BODY = YES;
				CLANG_WARN_ENUM_CONVERSION = YES;
				CLANG_WARN_INFINITE_RECURSION = YES;
				CLANG_WARN_INT_CONVERSION = YES;
				CLANG_WARN_NON_LITERAL_NULL_CONVERSION = YES;
				CLANG_WARN_OBJC_IMPLICIT_RETAIN_SELF = YES;
				CLANG_WARN_OBJC_LITERAL_CONVERSION = YES;
				CLANG_WARN_OBJC_ROOT_CLASS = YES_ERROR;
				CLANG_WARN_QUOTED_INCLUDE_IN_FRAMEWORK_HEADER = YES;
				CLANG_WARN_RANGE_LOOP_ANALYSIS = YES;
				CLANG_WARN_STRICT_PROTOTYPES = YES;
				CLANG_WARN_SUSPICIOUS_MOVE = YES;
				CLANG_WARN_UNGUARDED_AVAILABILITY = YES_AGGRESSIVE;
				CLANG_WARN_UNREACHABLE_CODE = YES;
				CLANG_WARN__DUPLICATE_METHOD_MATCH = YES;
				COPY_PHASE_STRIP = NO;
				DEBUG_INFORMATION_FORMAT = dwarf;
				ENABLE_STRICT_OBJC_MSGSEND = YES;
				ENABLE_TESTABILITY = YES;
				ENABLE_USER_SCRIPT_SANDBOXING = YES;
				GCC_C_LANGUAGE_STANDARD = gnu17;
				GCC_DYNAMIC_NO_PIC = NO;
				GCC_NO_COMMON_BLOCKS = YES;
				GCC_OPTIMIZATION_LEVEL = 0;
				GCC_PREPROCESSOR_DEFINITIONS = (
					"DEBUG=1",
					"$(inherited)",
				);
				GCC_WARN_64_TO_32_BIT_CONVERSION = YES;
				GCC_WARN_ABOUT_RETURN_TYPE = YES_ERROR;
				GCC_WARN_UNDECLARED_SELECTOR = YES;
				GCC_WARN_UNINITIALIZED_AUTOS = YES_AGGRESSIVE;
				GCC_WARN_UNUSED_FUNCTION = YES;
				GCC_WARN_UNUSED_VARIABLE = YES;
				IPHONEOS_DEPLOYMENT_TARGET = 17.4;
				LOCALIZATION_PREFERS_STRING_CATALOGS = YES;
				MTL_ENABLE_DEBUG_INFO = INCLUDE_SOURCE;
				MTL_FAST_MATH = YES;
				ONLY_ACTIVE_ARCH = YES;
				SDKROOT = iphoneos;
				SWIFT_ACTIVE_COMPILATION_CONDITIONS = "DEBUG $(inherited)";
				SWIFT_OPTIMIZATION_LEVEL = "-Onone";
			};
			name = Debug;
		};
		0499FABF2BD6562100EAF406 /* Release */ = {
			isa = XCBuildConfiguration;
			buildSettings = {
				ALWAYS_SEARCH_USER_PATHS = NO;
				ASSETCATALOG_COMPILER_GENERATE_SWIFT_ASSET_SYMBOL_EXTENSIONS = YES;
				CLANG_ANALYZER_NONNULL = YES;
				CLANG_ANALYZER_NUMBER_OBJECT_CONVERSION = YES_AGGRESSIVE;
				CLANG_CXX_LANGUAGE_STANDARD = "gnu++20";
				CLANG_ENABLE_MODULES = YES;
				CLANG_ENABLE_OBJC_ARC = YES;
				CLANG_ENABLE_OBJC_WEAK = YES;
				CLANG_WARN_BLOCK_CAPTURE_AUTORELEASING = YES;
				CLANG_WARN_BOOL_CONVERSION = YES;
				CLANG_WARN_COMMA = YES;
				CLANG_WARN_CONSTANT_CONVERSION = YES;
				CLANG_WARN_DEPRECATED_OBJC_IMPLEMENTATIONS = YES;
				CLANG_WARN_DIRECT_OBJC_ISA_USAGE = YES_ERROR;
				CLANG_WARN_DOCUMENTATION_COMMENTS = YES;
				CLANG_WARN_EMPTY_BODY = YES;
				CLANG_WARN_ENUM_CONVERSION = YES;
				CLANG_WARN_INFINITE_RECURSION = YES;
				CLANG_WARN_INT_CONVERSION = YES;
				CLANG_WARN_NON_LITERAL_NULL_CONVERSION = YES;
				CLANG_WARN_OBJC_IMPLICIT_RETAIN_SELF = YES;
				CLANG_WARN_OBJC_LITERAL_CONVERSION = YES;
				CLANG_WARN_OBJC_ROOT_CLASS = YES_ERROR;
				CLANG_WARN_QUOTED_INCLUDE_IN_FRAMEWORK_HEADER = YES;
				CLANG_WARN_RANGE_LOOP_ANALYSIS = YES;
				CLANG_WARN_STRICT_PROTOTYPES = YES;
				CLANG_WARN_SUSPICIOUS_MOVE = YES;
				CLANG_WARN_UNGUARDED_AVAILABILITY = YES_AGGRESSIVE;
				CLANG_WARN_UNREACHABLE_CODE = YES;
				CLANG_WARN__DUPLICATE_METHOD_MATCH = YES;
				COPY_PHASE_STRIP = NO;
				DEBUG_INFORMATION_FORMAT = "dwarf-with-dsym";
				ENABLE_NS_ASSERTIONS = NO;
				ENABLE_STRICT_OBJC_MSGSEND = YES;
				ENABLE_USER_SCRIPT_SANDBOXING = YES;
				GCC_C_LANGUAGE_STANDARD = gnu17;
				GCC_NO_COMMON_BLOCKS = YES;
				GCC_WARN_64_TO_32_BIT_CONVERSION = YES;
				GCC_WARN_ABOUT_RETURN_TYPE = YES_ERROR;
				GCC_WARN_UNDECLARED_SELECTOR = YES;
				GCC_WARN_UNINITIALIZED_AUTOS = YES_AGGRESSIVE;
				GCC_WARN_UNUSED_FUNCTION = YES;
				GCC_WARN_UNUSED_VARIABLE = YES;
				IPHONEOS_DEPLOYMENT_TARGET = 17.4;
				LOCALIZATION_PREFERS_STRING_CATALOGS = YES;
				MTL_ENABLE_DEBUG_INFO = NO;
				MTL_FAST_MATH = YES;
				SDKROOT = iphoneos;
				SWIFT_COMPILATION_MODE = wholemodule;
				VALIDATE_PRODUCT = YES;
			};
			name = Release;
		};
		0499FAC12BD6562100EAF406 /* Debug */ = {
			isa = XCBuildConfiguration;
			buildSettings = {
				ASSETCATALOG_COMPILER_APPICON_NAME = AppIcon;
				ASSETCATALOG_COMPILER_GLOBAL_ACCENT_COLOR_NAME = AccentColor;
				CODE_SIGN_STYLE = Automatic;
				CURRENT_PROJECT_VERSION = 1;
				DEVELOPMENT_ASSET_PATHS = "\"Auto-Layout-Project/Preview Content\"";
				DEVELOPMENT_TEAM = 7V5RQ97SDF;
				ENABLE_PREVIEWS = YES;
				GENERATE_INFOPLIST_FILE = YES;
				INFOPLIST_KEY_UIApplicationSceneManifest_Generation = YES;
				INFOPLIST_KEY_UIApplicationSupportsIndirectInputEvents = YES;
				INFOPLIST_KEY_UILaunchScreen_Generation = YES;
				INFOPLIST_KEY_UISupportedInterfaceOrientations_iPad = "UIInterfaceOrientationPortrait UIInterfaceOrientationPortraitUpsideDown UIInterfaceOrientationLandscapeLeft UIInterfaceOrientationLandscapeRight";
				INFOPLIST_KEY_UISupportedInterfaceOrientations_iPhone = "UIInterfaceOrientationPortrait UIInterfaceOrientationLandscapeLeft UIInterfaceOrientationLandscapeRight";
				LD_RUNPATH_SEARCH_PATHS = (
					"$(inherited)",
					"@executable_path/Frameworks",
				);
				MARKETING_VERSION = 1.0;
				PRODUCT_BUNDLE_IDENTIFIER = "com.apple-foundation.Auto-Layout-Project";
				PRODUCT_NAME = "$(TARGET_NAME)";
				SWIFT_EMIT_LOC_STRINGS = YES;
				SWIFT_VERSION = 5.0;
				TARGETED_DEVICE_FAMILY = "1,2";
			};
			name = Debug;
		};
		0499FAC22BD6562100EAF406 /* Release */ = {
			isa = XCBuildConfiguration;
			buildSettings = {
				ASSETCATALOG_COMPILER_APPICON_NAME = AppIcon;
				ASSETCATALOG_COMPILER_GLOBAL_ACCENT_COLOR_NAME = AccentColor;
				CODE_SIGN_STYLE = Automatic;
				CURRENT_PROJECT_VERSION = 1;
				DEVELOPMENT_ASSET_PATHS = "\"Auto-Layout-Project/Preview Content\"";
				DEVELOPMENT_TEAM = 7V5RQ97SDF;
				ENABLE_PREVIEWS = YES;
				GENERATE_INFOPLIST_FILE = YES;
				INFOPLIST_KEY_UIApplicationSceneManifest_Generation = YES;
				INFOPLIST_KEY_UIApplicationSupportsIndirectInputEvents = YES;
				INFOPLIST_KEY_UILaunchScreen_Generation = YES;
				INFOPLIST_KEY_UISupportedInterfaceOrientations_iPad = "UIInterfaceOrientationPortrait UIInterfaceOrientationPortraitUpsideDown UIInterfaceOrientationLandscapeLeft UIInterfaceOrientationLandscapeRight";
				INFOPLIST_KEY_UISupportedInterfaceOrientations_iPhone = "UIInterfaceOrientationPortrait UIInterfaceOrientationLandscapeLeft UIInterfaceOrientationLandscapeRight";
				LD_RUNPATH_SEARCH_PATHS = (
					"$(inherited)",
					"@executable_path/Frameworks",
				);
				MARKETING_VERSION = 1.0;
				PRODUCT_BUNDLE_IDENTIFIER = "com.apple-foundation.Auto-Layout-Project";
				PRODUCT_NAME = "$(TARGET_NAME)";
				SWIFT_EMIT_LOC_STRINGS = YES;
				SWIFT_VERSION = 5.0;
				TARGETED_DEVICE_FAMILY = "1,2";
			};
			name = Release;
		};
		0499FAC42BD6562100EAF406 /* Debug */ = {
			isa = XCBuildConfiguration;
			buildSettings = {
				ALWAYS_EMBED_SWIFT_STANDARD_LIBRARIES = YES;
				BUNDLE_LOADER = "$(TEST_HOST)";
				CODE_SIGN_STYLE = Automatic;
				CURRENT_PROJECT_VERSION = 1;
				DEVELOPMENT_TEAM = 7V5RQ97SDF;
				GENERATE_INFOPLIST_FILE = YES;
				IPHONEOS_DEPLOYMENT_TARGET = 17.4;
				MARKETING_VERSION = 1.0;
				PRODUCT_BUNDLE_IDENTIFIER = "com.apple-foundation.Auto-Layout-ProjectTests";
				PRODUCT_NAME = "$(TARGET_NAME)";
				SWIFT_EMIT_LOC_STRINGS = NO;
				SWIFT_VERSION = 5.0;
				TARGETED_DEVICE_FAMILY = "1,2";
				TEST_HOST = "$(BUILT_PRODUCTS_DIR)/Auto-Layout-Project.app/$(BUNDLE_EXECUTABLE_FOLDER_PATH)/Auto-Layout-Project";
			};
			name = Debug;
		};
		0499FAC52BD6562100EAF406 /* Release */ = {
			isa = XCBuildConfiguration;
			buildSettings = {
				ALWAYS_EMBED_SWIFT_STANDARD_LIBRARIES = YES;
				BUNDLE_LOADER = "$(TEST_HOST)";
				CODE_SIGN_STYLE = Automatic;
				CURRENT_PROJECT_VERSION = 1;
				DEVELOPMENT_TEAM = 7V5RQ97SDF;
				GENERATE_INFOPLIST_FILE = YES;
				IPHONEOS_DEPLOYMENT_TARGET = 17.4;
				MARKETING_VERSION = 1.0;
				PRODUCT_BUNDLE_IDENTIFIER = "com.apple-foundation.Auto-Layout-ProjectTests";
				PRODUCT_NAME = "$(TARGET_NAME)";
				SWIFT_EMIT_LOC_STRINGS = NO;
				SWIFT_VERSION = 5.0;
				TARGETED_DEVICE_FAMILY = "1,2";
				TEST_HOST = "$(BUILT_PRODUCTS_DIR)/Auto-Layout-Project.app/$(BUNDLE_EXECUTABLE_FOLDER_PATH)/Auto-Layout-Project";
			};
			name = Release;
		};
		0499FAC72BD6562100EAF406 /* Debug */ = {
			isa = XCBuildConfiguration;
			buildSettings = {
				ALWAYS_EMBED_SWIFT_STANDARD_LIBRARIES = YES;
				CODE_SIGN_STYLE = Automatic;
				CURRENT_PROJECT_VERSION = 1;
				DEVELOPMENT_TEAM = 7V5RQ97SDF;
				GENERATE_INFOPLIST_FILE = YES;
				MARKETING_VERSION = 1.0;
				PRODUCT_BUNDLE_IDENTIFIER = "com.apple-foundation.Auto-Layout-ProjectUITests";
				PRODUCT_NAME = "$(TARGET_NAME)";
				SWIFT_EMIT_LOC_STRINGS = NO;
				SWIFT_VERSION = 5.0;
				TARGETED_DEVICE_FAMILY = "1,2";
				TEST_TARGET_NAME = "Auto-Layout-Project";
			};
			name = Debug;
		};
		0499FAC82BD6562100EAF406 /* Release */ = {
			isa = XCBuildConfiguration;
			buildSettings = {
				ALWAYS_EMBED_SWIFT_STANDARD_LIBRARIES = YES;
				CODE_SIGN_STYLE = Automatic;
				CURRENT_PROJECT_VERSION = 1;
				DEVELOPMENT_TEAM = 7V5RQ97SDF;
				GENERATE_INFOPLIST_FILE = YES;
				MARKETING_VERSION = 1.0;
				PRODUCT_BUNDLE_IDENTIFIER = "com.apple-foundation.Auto-Layout-ProjectUITests";
				PRODUCT_NAME = "$(TARGET_NAME)";
				SWIFT_EMIT_LOC_STRINGS = NO;
				SWIFT_VERSION = 5.0;
				TARGETED_DEVICE_FAMILY = "1,2";
				TEST_TARGET_NAME = "Auto-Layout-Project";
			};
			name = Release;
		};
/* End XCBuildConfiguration section */

/* Begin XCConfigurationList section */
		0499FA972BD6562000EAF406 /* Build configuration list for PBXProject "Auto-Layout-Project" */ = {
			isa = XCConfigurationList;
			buildConfigurations = (
				0499FABE2BD6562100EAF406 /* Debug */,
				0499FABF2BD6562100EAF406 /* Release */,
			);
			defaultConfigurationIsVisible = 0;
			defaultConfigurationName = Release;
		};
		0499FAC02BD6562100EAF406 /* Build configuration list for PBXNativeTarget "Auto-Layout-Project" */ = {
			isa = XCConfigurationList;
			buildConfigurations = (
				0499FAC12BD6562100EAF406 /* Debug */,
				0499FAC22BD6562100EAF406 /* Release */,
			);
			defaultConfigurationIsVisible = 0;
			defaultConfigurationName = Release;
		};
		0499FAC32BD6562100EAF406 /* Build configuration list for PBXNativeTarget "Auto-Layout-ProjectTests" */ = {
			isa = XCConfigurationList;
			buildConfigurations = (
				0499FAC42BD6562100EAF406 /* Debug */,
				0499FAC52BD6562100EAF406 /* Release */,
			);
			defaultConfigurationIsVisible = 0;
			defaultConfigurationName = Release;
		};
		0499FAC62BD6562100EAF406 /* Build configuration list for PBXNativeTarget "Auto-Layout-ProjectUITests" */ = {
			isa = XCConfigurationList;
			buildConfigurations = (
				0499FAC72BD6562100EAF406 /* Debug */,
				0499FAC82BD6562100EAF406 /* Release */,
			);
			defaultConfigurationIsVisible = 0;
			defaultConfigurationName = Release;
		};
/* End XCConfigurationList section */
	};
	rootObject = 0499FA942BD6562000EAF406 /* Project object */;
}
